
Microsoft Visual Studio Solution File, Format Version 12.00
# Visual Studio Version 17
VisualStudioVersion = 17.8.34330.188
MinimumVisualStudioVersion = 10.0.40219.1
Project("{9A19103F-16F7-4668-BE54-9A1E7A4F7556}") = "MM-CoreUtilities", "MM-CoreUtilities.csproj", "{06111E8D-C593-4CB2-A784-E31AA7889230}"
EndProject
Global
	GlobalSection(SolutionConfigurationPlatforms) = preSolution
		Debug|Any CPU = Debug|Any CPU
		Release|Any CPU = Release|Any CPU
	EndGlobalSection
	GlobalSection(ProjectConfigurationPlatforms) = postSolution
		{06111E8D-C593-4CB2-A784-E31AA7889230}.Debug|Any CPU.ActiveCfg = Debug|Any CPU
		{06111E8D-C593-4CB2-A784-E31AA7889230}.Debug|Any CPU.Build.0 = Debug|Any CPU
		{06111E8D-C593-4CB2-A784-E31AA7889230}.Release|Any CPU.ActiveCfg = Release|Any CPU
		{06111E8D-C593-4CB2-A784-E31AA7889230}.Release|Any CPU.Build.0 = Release|Any CPU
	EndGlobalSection
	GlobalSection(SolutionProperties) = preSolution
		HideSolutionNode = FALSE
	EndGlobalSection
	GlobalSection(ExtensibilityGlobals) = postSolution
		SolutionGuid = {274CF539-6494-4076-80F0-D9F37BE07DD0}
	EndGlobalSection
EndGlobal
